
Microsoft Visual Studio Solution File, Format Version 12.00
# Visual Studio Version 16
VisualStudioVersion = 16.0.30413.136
MinimumVisualStudioVersion = 10.0.40219.1
Project("{9A19103F-16F7-4668-BE54-9A1E7A4F7556}") = "InputOutput", "InputOutput\InputOutput.csproj", "{8B16640A-529D-4292-B8A2-1B7FB03E80D4}"
EndProject
Project("{9A19103F-16F7-4668-BE54-9A1E7A4F7556}") = "ConditionalStatements", "ConditionalStatements\ConditionalStatements.csproj", "{196550FE-3934-4A11-83C9-77CBDAD44783}"
EndProject
Project("{FAE04EC0-301F-11D3-BF4B-00C04F79EFBC}") = "Loops", "Loops\Loops.csproj", "{1A4075EE-FB25-44EE-B5E7-4C87DA45D826}"
EndProject
Global
	GlobalSection(SolutionConfigurationPlatforms) = preSolution
		Debug|Any CPU = Debug|Any CPU
		Release|Any CPU = Release|Any CPU
	EndGlobalSection
	GlobalSection(ProjectConfigurationPlatforms) = postSolution
		{8B16640A-529D-4292-B8A2-1B7FB03E80D4}.Debug|Any CPU.ActiveCfg = Debug|Any CPU
		{8B16640A-529D-4292-B8A2-1B7FB03E80D4}.Debug|Any CPU.Build.0 = Debug|Any CPU
		{8B16640A-529D-4292-B8A2-1B7FB03E80D4}.Release|Any CPU.ActiveCfg = Release|Any CPU
		{8B16640A-529D-4292-B8A2-1B7FB03E80D4}.Release|Any CPU.Build.0 = Release|Any CPU
		{196550FE-3934-4A11-83C9-77CBDAD44783}.Debug|Any CPU.ActiveCfg = Debug|Any CPU
		{196550FE-3934-4A11-83C9-77CBDAD44783}.Debug|Any CPU.Build.0 = Debug|Any CPU
		{196550FE-3934-4A11-83C9-77CBDAD44783}.Release|Any CPU.ActiveCfg = Release|Any CPU
		{196550FE-3934-4A11-83C9-77CBDAD44783}.Release|Any CPU.Build.0 = Release|Any CPU
		{1A4075EE-FB25-44EE-B5E7-4C87DA45D826}.Debug|Any CPU.ActiveCfg = Debug|Any CPU
		{1A4075EE-FB25-44EE-B5E7-4C87DA45D826}.Debug|Any CPU.Build.0 = Debug|Any CPU
		{1A4075EE-FB25-44EE-B5E7-4C87DA45D826}.Release|Any CPU.ActiveCfg = Release|Any CPU
		{1A4075EE-FB25-44EE-B5E7-4C87DA45D826}.Release|Any CPU.Build.0 = Release|Any CPU
	EndGlobalSection
	GlobalSection(SolutionProperties) = preSolution
		HideSolutionNode = FALSE
	EndGlobalSection
	GlobalSection(ExtensibilityGlobals) = postSolution
		SolutionGuid = {9BAF24D6-04CB-44F1-ADDA-BD4D96B4E6EE}
	EndGlobalSection
EndGlobal
