
Microsoft Visual Studio Solution File, Format Version 12.00
# Visual Studio Version 16
VisualStudioVersion = 16.0.30413.136
MinimumVisualStudioVersion = 10.0.40219.1
Project("{9A19103F-16F7-4668-BE54-9A1E7A4F7556}") = "InputOutput", "InputOutput\InputOutput.csproj", "{8B16640A-529D-4292-B8A2-1B7FB03E80D4}"
EndProject
Project("{9A19103F-16F7-4668-BE54-9A1E7A4F7556}") = "ConditionalStatements", "ConditionalStatements\ConditionalStatements.csproj", "{196550FE-3934-4A11-83C9-77CBDAD44783}"
EndProject
Project("{FAE04EC0-301F-11D3-BF4B-00C04F79EFBC}") = "Loops", "Loops\Loops.csproj", "{1A4075EE-FB25-44EE-B5E7-4C87DA45D826}"
EndProject
Project("{9A19103F-16F7-4668-BE54-9A1E7A4F7556}") = "StringManipulation", "StringManipulation\StringManipulation.csproj", "{15130695-370F-4919-905B-DEC83A305EF9}"
EndProject
Project("{9A19103F-16F7-4668-BE54-9A1E7A4F7556}") = "ExitingOutOfApplication", "ExitingOutOfApplication\ExitingOutOfApplication.csproj", "{D79D20D6-3FF2-47CC-B71D-DD31BF3830B3}"
EndProject
Project("{9A19103F-16F7-4668-BE54-9A1E7A4F7556}") = "Collections", "Collections\Collections.csproj", "{525F0F50-2025-4B17-B403-5F0D48259B3B}"
EndProject
Project("{9A19103F-16F7-4668-BE54-9A1E7A4F7556}") = "Methods", "Methods\Methods.csproj", "{E0AF4C25-9E8F-4396-AE60-E449AEA4953A}"
EndProject
Project("{FAE04EC0-301F-11D3-BF4B-00C04F79EFBC}") = "Classes", "Classes\Classes.csproj", "{F8E00919-7325-44F4-B5CE-31518421FE8D}"
EndProject
Global
	GlobalSection(SolutionConfigurationPlatforms) = preSolution
		Debug|Any CPU = Debug|Any CPU
		Release|Any CPU = Release|Any CPU
	EndGlobalSection
	GlobalSection(ProjectConfigurationPlatforms) = postSolution
		{8B16640A-529D-4292-B8A2-1B7FB03E80D4}.Debug|Any CPU.ActiveCfg = Debug|Any CPU
		{8B16640A-529D-4292-B8A2-1B7FB03E80D4}.Debug|Any CPU.Build.0 = Debug|Any CPU
		{8B16640A-529D-4292-B8A2-1B7FB03E80D4}.Release|Any CPU.ActiveCfg = Release|Any CPU
		{8B16640A-529D-4292-B8A2-1B7FB03E80D4}.Release|Any CPU.Build.0 = Release|Any CPU
		{196550FE-3934-4A11-83C9-77CBDAD44783}.Debug|Any CPU.ActiveCfg = Debug|Any CPU
		{196550FE-3934-4A11-83C9-77CBDAD44783}.Debug|Any CPU.Build.0 = Debug|Any CPU
		{196550FE-3934-4A11-83C9-77CBDAD44783}.Release|Any CPU.ActiveCfg = Release|Any CPU
		{196550FE-3934-4A11-83C9-77CBDAD44783}.Release|Any CPU.Build.0 = Release|Any CPU
		{1A4075EE-FB25-44EE-B5E7-4C87DA45D826}.Debug|Any CPU.ActiveCfg = Debug|Any CPU
		{1A4075EE-FB25-44EE-B5E7-4C87DA45D826}.Debug|Any CPU.Build.0 = Debug|Any CPU
		{1A4075EE-FB25-44EE-B5E7-4C87DA45D826}.Release|Any CPU.ActiveCfg = Release|Any CPU
		{1A4075EE-FB25-44EE-B5E7-4C87DA45D826}.Release|Any CPU.Build.0 = Release|Any CPU
		{15130695-370F-4919-905B-DEC83A305EF9}.Debug|Any CPU.ActiveCfg = Debug|Any CPU
		{15130695-370F-4919-905B-DEC83A305EF9}.Debug|Any CPU.Build.0 = Debug|Any CPU
		{15130695-370F-4919-905B-DEC83A305EF9}.Release|Any CPU.ActiveCfg = Release|Any CPU
		{15130695-370F-4919-905B-DEC83A305EF9}.Release|Any CPU.Build.0 = Release|Any CPU
		{D79D20D6-3FF2-47CC-B71D-DD31BF3830B3}.Debug|Any CPU.ActiveCfg = Debug|Any CPU
		{D79D20D6-3FF2-47CC-B71D-DD31BF3830B3}.Debug|Any CPU.Build.0 = Debug|Any CPU
		{D79D20D6-3FF2-47CC-B71D-DD31BF3830B3}.Release|Any CPU.ActiveCfg = Release|Any CPU
		{D79D20D6-3FF2-47CC-B71D-DD31BF3830B3}.Release|Any CPU.Build.0 = Release|Any CPU
		{525F0F50-2025-4B17-B403-5F0D48259B3B}.Debug|Any CPU.ActiveCfg = Debug|Any CPU
		{525F0F50-2025-4B17-B403-5F0D48259B3B}.Debug|Any CPU.Build.0 = Debug|Any CPU
		{525F0F50-2025-4B17-B403-5F0D48259B3B}.Release|Any CPU.ActiveCfg = Release|Any CPU
		{525F0F50-2025-4B17-B403-5F0D48259B3B}.Release|Any CPU.Build.0 = Release|Any CPU
		{E0AF4C25-9E8F-4396-AE60-E449AEA4953A}.Debug|Any CPU.ActiveCfg = Debug|Any CPU
		{E0AF4C25-9E8F-4396-AE60-E449AEA4953A}.Debug|Any CPU.Build.0 = Debug|Any CPU
		{E0AF4C25-9E8F-4396-AE60-E449AEA4953A}.Release|Any CPU.ActiveCfg = Release|Any CPU
		{E0AF4C25-9E8F-4396-AE60-E449AEA4953A}.Release|Any CPU.Build.0 = Release|Any CPU
		{F8E00919-7325-44F4-B5CE-31518421FE8D}.Debug|Any CPU.ActiveCfg = Debug|Any CPU
		{F8E00919-7325-44F4-B5CE-31518421FE8D}.Debug|Any CPU.Build.0 = Debug|Any CPU
		{F8E00919-7325-44F4-B5CE-31518421FE8D}.Release|Any CPU.ActiveCfg = Release|Any CPU
		{F8E00919-7325-44F4-B5CE-31518421FE8D}.Release|Any CPU.Build.0 = Release|Any CPU
	EndGlobalSection
	GlobalSection(SolutionProperties) = preSolution
		HideSolutionNode = FALSE
	EndGlobalSection
	GlobalSection(ExtensibilityGlobals) = postSolution
		SolutionGuid = {9BAF24D6-04CB-44F1-ADDA-BD4D96B4E6EE}
	EndGlobalSection
EndGlobal
