
Microsoft Visual Studio Solution File, Format Version 12.00
# Visual Studio Version 16
VisualStudioVersion = 16.0.30413.136
MinimumVisualStudioVersion = 10.0.40219.1
Project("{9A19103F-16F7-4668-BE54-9A1E7A4F7556}") = "SumOf3", "SumOf3\SumOf3.csproj", "{5BBD6E4E-90CE-43B0-8585-5CBDCF7826EC}"
EndProject
Project("{9A19103F-16F7-4668-BE54-9A1E7A4F7556}") = "Conditional_FizzBuzz", "Conditional_FizzBuzz\Conditional_FizzBuzz.csproj", "{1A13EE48-CA3A-4A89-B71B-7EF3FB435348}"
EndProject
Project("{9A19103F-16F7-4668-BE54-9A1E7A4F7556}") = "Conditional_CoinToss", "Conditional_CoinToss\Conditional_CoinToss.csproj", "{858E9005-95CE-4DBE-8CFF-6BE378FC580E}"
EndProject
Project("{9A19103F-16F7-4668-BE54-9A1E7A4F7556}") = "Loops_RandomGuess", "Loops_RandomGuess\Loops_RandomGuess.csproj", "{F90A4CAD-19BD-4254-9325-8F29CAE4851B}"
EndProject
Project("{9A19103F-16F7-4668-BE54-9A1E7A4F7556}") = "Loops_GuessANumber", "Loops_GuessANumber\Loops_GuessANumber.csproj", "{3EFBC02B-EB4F-40C8-974B-D076C36F4CFE}"
EndProject
Project("{9A19103F-16F7-4668-BE54-9A1E7A4F7556}") = "StringManipulation", "StringManipulation\StringManipulation.csproj", "{21FBF928-4C15-496F-852B-1F892B3A76B8}"
EndProject
Project("{9A19103F-16F7-4668-BE54-9A1E7A4F7556}") = "ProcessingACSVFile", "ProcessingACSVFile\ProcessingACSVFile.csproj", "{A2BE2DD6-8154-4E09-AA77-3C0C8305DD95}"
EndProject
Project("{9A19103F-16F7-4668-BE54-9A1E7A4F7556}") = "Methods_SimpleMethodSpeak", "Methods_SimpleMethodSpeak\Methods_SimpleMethodSpeak.csproj", "{774BD466-C04D-426B-9EE3-D27E54D298F3}"
EndProject
Project("{9A19103F-16F7-4668-BE54-9A1E7A4F7556}") = "Classes_RectangleAndCircle", "Classes_RectangleAndCircle\Classes_RectangleAndCircle.csproj", "{5047834C-0FFE-493C-B498-EA3498731F25}"
EndProject
Project("{FAE04EC0-301F-11D3-BF4B-00C04F79EFBC}") = "Classes_Toy", "Classes_Toy\Classes_Toy.csproj", "{255A8AEC-E80E-4FF0-8A06-F5050FD1D5F6}"
EndProject
Global
	GlobalSection(SolutionConfigurationPlatforms) = preSolution
		Debug|Any CPU = Debug|Any CPU
		Release|Any CPU = Release|Any CPU
	EndGlobalSection
	GlobalSection(ProjectConfigurationPlatforms) = postSolution
		{5BBD6E4E-90CE-43B0-8585-5CBDCF7826EC}.Debug|Any CPU.ActiveCfg = Debug|Any CPU
		{5BBD6E4E-90CE-43B0-8585-5CBDCF7826EC}.Debug|Any CPU.Build.0 = Debug|Any CPU
		{5BBD6E4E-90CE-43B0-8585-5CBDCF7826EC}.Release|Any CPU.ActiveCfg = Release|Any CPU
		{5BBD6E4E-90CE-43B0-8585-5CBDCF7826EC}.Release|Any CPU.Build.0 = Release|Any CPU
		{1A13EE48-CA3A-4A89-B71B-7EF3FB435348}.Debug|Any CPU.ActiveCfg = Debug|Any CPU
		{1A13EE48-CA3A-4A89-B71B-7EF3FB435348}.Debug|Any CPU.Build.0 = Debug|Any CPU
		{1A13EE48-CA3A-4A89-B71B-7EF3FB435348}.Release|Any CPU.ActiveCfg = Release|Any CPU
		{1A13EE48-CA3A-4A89-B71B-7EF3FB435348}.Release|Any CPU.Build.0 = Release|Any CPU
		{858E9005-95CE-4DBE-8CFF-6BE378FC580E}.Debug|Any CPU.ActiveCfg = Debug|Any CPU
		{858E9005-95CE-4DBE-8CFF-6BE378FC580E}.Debug|Any CPU.Build.0 = Debug|Any CPU
		{858E9005-95CE-4DBE-8CFF-6BE378FC580E}.Release|Any CPU.ActiveCfg = Release|Any CPU
		{858E9005-95CE-4DBE-8CFF-6BE378FC580E}.Release|Any CPU.Build.0 = Release|Any CPU
		{F90A4CAD-19BD-4254-9325-8F29CAE4851B}.Debug|Any CPU.ActiveCfg = Debug|Any CPU
		{F90A4CAD-19BD-4254-9325-8F29CAE4851B}.Debug|Any CPU.Build.0 = Debug|Any CPU
		{F90A4CAD-19BD-4254-9325-8F29CAE4851B}.Release|Any CPU.ActiveCfg = Release|Any CPU
		{F90A4CAD-19BD-4254-9325-8F29CAE4851B}.Release|Any CPU.Build.0 = Release|Any CPU
		{3EFBC02B-EB4F-40C8-974B-D076C36F4CFE}.Debug|Any CPU.ActiveCfg = Debug|Any CPU
		{3EFBC02B-EB4F-40C8-974B-D076C36F4CFE}.Debug|Any CPU.Build.0 = Debug|Any CPU
		{3EFBC02B-EB4F-40C8-974B-D076C36F4CFE}.Release|Any CPU.ActiveCfg = Release|Any CPU
		{3EFBC02B-EB4F-40C8-974B-D076C36F4CFE}.Release|Any CPU.Build.0 = Release|Any CPU
		{21FBF928-4C15-496F-852B-1F892B3A76B8}.Debug|Any CPU.ActiveCfg = Debug|Any CPU
		{21FBF928-4C15-496F-852B-1F892B3A76B8}.Debug|Any CPU.Build.0 = Debug|Any CPU
		{21FBF928-4C15-496F-852B-1F892B3A76B8}.Release|Any CPU.ActiveCfg = Release|Any CPU
		{21FBF928-4C15-496F-852B-1F892B3A76B8}.Release|Any CPU.Build.0 = Release|Any CPU
		{A2BE2DD6-8154-4E09-AA77-3C0C8305DD95}.Debug|Any CPU.ActiveCfg = Debug|Any CPU
		{A2BE2DD6-8154-4E09-AA77-3C0C8305DD95}.Debug|Any CPU.Build.0 = Debug|Any CPU
		{A2BE2DD6-8154-4E09-AA77-3C0C8305DD95}.Release|Any CPU.ActiveCfg = Release|Any CPU
		{A2BE2DD6-8154-4E09-AA77-3C0C8305DD95}.Release|Any CPU.Build.0 = Release|Any CPU
		{774BD466-C04D-426B-9EE3-D27E54D298F3}.Debug|Any CPU.ActiveCfg = Debug|Any CPU
		{774BD466-C04D-426B-9EE3-D27E54D298F3}.Debug|Any CPU.Build.0 = Debug|Any CPU
		{774BD466-C04D-426B-9EE3-D27E54D298F3}.Release|Any CPU.ActiveCfg = Release|Any CPU
		{774BD466-C04D-426B-9EE3-D27E54D298F3}.Release|Any CPU.Build.0 = Release|Any CPU
		{5047834C-0FFE-493C-B498-EA3498731F25}.Debug|Any CPU.ActiveCfg = Debug|Any CPU
		{5047834C-0FFE-493C-B498-EA3498731F25}.Debug|Any CPU.Build.0 = Debug|Any CPU
		{5047834C-0FFE-493C-B498-EA3498731F25}.Release|Any CPU.ActiveCfg = Release|Any CPU
		{5047834C-0FFE-493C-B498-EA3498731F25}.Release|Any CPU.Build.0 = Release|Any CPU
		{255A8AEC-E80E-4FF0-8A06-F5050FD1D5F6}.Debug|Any CPU.ActiveCfg = Debug|Any CPU
		{255A8AEC-E80E-4FF0-8A06-F5050FD1D5F6}.Debug|Any CPU.Build.0 = Debug|Any CPU
		{255A8AEC-E80E-4FF0-8A06-F5050FD1D5F6}.Release|Any CPU.ActiveCfg = Release|Any CPU
		{255A8AEC-E80E-4FF0-8A06-F5050FD1D5F6}.Release|Any CPU.Build.0 = Release|Any CPU
	EndGlobalSection
	GlobalSection(SolutionProperties) = preSolution
		HideSolutionNode = FALSE
	EndGlobalSection
	GlobalSection(ExtensibilityGlobals) = postSolution
		SolutionGuid = {E1285D65-1F83-49F4-8BA2-97201E5A00C5}
	EndGlobalSection
EndGlobal
